Microsoft Visual Studio Solution File, Format Version 12.00
# Visual Studio Version 17
VisualStudioVersion = 17.5.2.0
MinimumVisualStudioVersion = 10.0.40219.1
Project("{FAE04EC0-301F-11D3-BF4B-00C04F79EFBC}") = "TrabajoAPares", "TrabajoAPares\TrabajoAPares.csproj", "{0C2756D3-6666-14AC-18F1-C58C651A73CF}"
EndProject
Global
	GlobalSection(SolutionConfigurationPlatforms) = preSolution
		Debug|Any CPU = Debug|Any CPU
		Release|Any CPU = Release|Any CPU
	EndGlobalSection
	GlobalSection(ProjectConfigurationPlatforms) = postSolution
		{0C2756D3-6666-14AC-18F1-C58C651A73CF}.Debug|Any CPU.ActiveCfg = Debug|Any CPU
		{0C2756D3-6666-14AC-18F1-C58C651A73CF}.Debug|Any CPU.Build.0 = Debug|Any CPU
		{0C2756D3-6666-14AC-18F1-C58C651A73CF}.Release|Any CPU.ActiveCfg = Release|Any CPU
		{0C2756D3-6666-14AC-18F1-C58C651A73CF}.Release|Any CPU.Build.0 = Release|Any CPU
	EndGlobalSection
	GlobalSection(SolutionProperties) = preSolution
		HideSolutionNode = FALSE
	EndGlobalSection
	GlobalSection(ExtensibilityGlobals) = postSolution
		SolutionGuid = {B1A0DE14-C8DD-4B1C-A4BB-DEAD2B0A2524}
	EndGlobalSection
EndGlobal
